{
  "name": "2_gll",
  "version": "1.0.0",
  "lockfileVersion": 1,
  "requires": true,
  "dependencies": {
    "graphlib": {
      "version": "2.1.2",
      "resolved": "https://registry.npmjs.org/graphlib/-/graphlib-2.1.2.tgz",
      "integrity": "sha512-8/ijQCsGbE7o1msCZanY11qky+vD4itMt5VBWE73c5zYroQbs2TXrNC9jpOdcW7HnWxupy3vLKtTvB7zxP1/hQ==",
      "requires": {
        "lodash": "4.17.4"
      },
      "dependencies": {
        "lodash": {
          "version": "4.17.4",
          "resolved": "https://registry.npmjs.org/lodash/-/lodash-4.17.4.tgz",
          "integrity": "sha1-eCA6TRwyiuHYbcpkYONptX9AVa4="
        }
      }
    },
    "graphlib-dot": {
      "version": "0.6.2",
      "resolved": "https://registry.npmjs.org/graphlib-dot/-/graphlib-dot-0.6.2.tgz",
      "integrity": "sha1-hy6TPQuzSUMMuBOiSRlD0cXx6VI=",
      "requires": {
        "graphlib": "1.0.7",
        "lodash": "2.4.2"
      },
      "dependencies": {
        "graphlib": {
          "version": "1.0.7",
          "resolved": "https://registry.npmjs.org/graphlib/-/graphlib-1.0.7.tgz",
          "integrity": "sha1-DKst8P/mq+BwsmJb+h7bbslnuLE=",
          "requires": {
            "lodash": "3.10.1"
          },
          "dependencies": {
            "lodash": {
              "version": "3.10.1",
              "resolved": "https://registry.npmjs.org/lodash/-/lodash-3.10.1.tgz",
              "integrity": "sha1-W/Rejkm6QYnhfUgnid/RW9FAt7Y="
            }
          }
        }
      }
    },
    "lodash": {
      "version": "2.4.2",
      "resolved": "https://registry.npmjs.org/lodash/-/lodash-2.4.2.tgz",
      "integrity": "sha1-+t2DS5aDBz2hebPq5tnA0VBT9z4="
    }
  }
}
